// !$*UTF8*$!
{
	archiveVersion = 1;
	classes = {
	};
	objectVersion = 56;
	objects = {

/* Begin PBXBuildFile section */
		B57A8733293925B90028AF2A /* Card.swift in Sources */ = {isa = PBXBuildFile; fileRef = B57A8732293925B90028AF2A /* Card.swift */; };
		B57A87382939285D0028AF2A /* CardView.swift in Sources */ = {isa = PBXBuildFile; fileRef = B57A87372939285D0028AF2A /* CardView.swift */; };
		B57A873B293929150028AF2A /* CardsSection.swift in Sources */ = {isa = PBXBuildFile; fileRef = B57A873A293929150028AF2A /* CardsSection.swift */; };
		B57A873D2939292A0028AF2A /* FooterSection.swift in Sources */ = {isa = PBXBuildFile; fileRef = B57A873C2939292A0028AF2A /* FooterSection.swift */; };
		B57A873F2939294E0028AF2A /* NavigationSection.swift in Sources */ = {isa = PBXBuildFile; fileRef = B57A873E2939294E0028AF2A /* NavigationSection.swift */; };
		B5A899A729274FC600114DD4 /* WeMatchApp.swift in Sources */ = {isa = PBXBuildFile; fileRef = B5A899A629274FC600114DD4 /* WeMatchApp.swift */; };
		B5A899A929274FC600114DD4 /* ContentView.swift in Sources */ = {isa = PBXBuildFile; fileRef = B5A899A829274FC600114DD4 /* ContentView.swift */; };
		B5A899AB29274FCB00114DD4 /* Assets.xcassets in Resources */ = {isa = PBXBuildFile; fileRef = B5A899AA29274FCB00114DD4 /* Assets.xcassets */; };
		B5A899AE29274FCB00114DD4 /* Preview Assets.xcassets in Resources */ = {isa = PBXBuildFile; fileRef = B5A899AD29274FCB00114DD4 /* Preview Assets.xcassets */; };
/* End PBXBuildFile section */

/* Begin PBXFileReference section */
		B57A8732293925B90028AF2A /* Card.swift */ = {isa = PBXFileReference; lastKnownFileType = sourcecode.swift; path = Card.swift; sourceTree = "<group>"; };
		B57A87372939285D0028AF2A /* CardView.swift */ = {isa = PBXFileReference; lastKnownFileType = sourcecode.swift; path = CardView.swift; sourceTree = "<group>"; };
		B57A873A293929150028AF2A /* CardsSection.swift */ = {isa = PBXFileReference; lastKnownFileType = sourcecode.swift; path = CardsSection.swift; sourceTree = "<group>"; };
		B57A873C2939292A0028AF2A /* FooterSection.swift */ = {isa = PBXFileReference; lastKnownFileType = sourcecode.swift; path = FooterSection.swift; sourceTree = "<group>"; };
		B57A873E2939294E0028AF2A /* NavigationSection.swift */ = {isa = PBXFileReference; lastKnownFileType = sourcecode.swift; path = NavigationSection.swift; sourceTree = "<group>"; };
		B5A899A329274FC600114DD4 /* WeMatch.app */ = {isa = PBXFileReference; explicitFileType = wrapper.application; includeInIndex = 0; path = WeMatch.app; sourceTree = BUILT_PRODUCTS_DIR; };
		B5A899A629274FC600114DD4 /* WeMatchApp.swift */ = {isa = PBXFileReference; lastKnownFileType = sourcecode.swift; path = WeMatchApp.swift; sourceTree = "<group>"; };
		B5A899A829274FC600114DD4 /* ContentView.swift */ = {isa = PBXFileReference; lastKnownFileType = sourcecode.swift; path = ContentView.swift; sourceTree = "<group>"; };
		B5A899AA29274FCB00114DD4 /* Assets.xcassets */ = {isa = PBXFileReference; lastKnownFileType = folder.assetcatalog; path = Assets.xcassets; sourceTree = "<group>"; };
		B5A899AD29274FCB00114DD4 /* Preview Assets.xcassets */ = {isa = PBXFileReference; lastKnownFileType = folder.assetcatalog; path = "Preview Assets.xcassets"; sourceTree = "<group>"; };
/* End PBXFileReference section */

/* Begin PBXFrameworksBuildPhase section */
		B5A899A029274FC600114DD4 /* Frameworks */ = {
			isa = PBXFrameworksBuildPhase;
			buildActionMask = 2147483647;
			files = (
			);
			runOnlyForDeploymentPostprocessing = 0;
		};
/* End PBXFrameworksBuildPhase section */

/* Begin PBXGroup section */
		B57A8736293928110028AF2A /* Components */ = {
			isa = PBXGroup;
			children = (
				B57A87372939285D0028AF2A /* CardView.swift */,
			);
			path = Components;
			sourceTree = "<group>";
		};
		B57A8739293928EA0028AF2A /* Sections */ = {
			isa = PBXGroup;
			children = (
				B57A873A293929150028AF2A /* CardsSection.swift */,
				B57A873C2939292A0028AF2A /* FooterSection.swift */,
				B57A873E2939294E0028AF2A /* NavigationSection.swift */,
			);
			path = Sections;
			sourceTree = "<group>";
		};
		B5A8999A29274FC600114DD4 = {
			isa = PBXGroup;
			children = (
				B5A899A529274FC600114DD4 /* WeMatch */,
				B5A899A429274FC600114DD4 /* Products */,
			);
			sourceTree = "<group>";
		};
		B5A899A429274FC600114DD4 /* Products */ = {
			isa = PBXGroup;
			children = (
				B5A899A329274FC600114DD4 /* WeMatch.app */,
			);
			name = Products;
			sourceTree = "<group>";
		};
		B5A899A529274FC600114DD4 /* WeMatch */ = {
			isa = PBXGroup;
			children = (
				B57A8739293928EA0028AF2A /* Sections */,
				B57A8736293928110028AF2A /* Components */,
				B5A899A629274FC600114DD4 /* WeMatchApp.swift */,
				B5A899A829274FC600114DD4 /* ContentView.swift */,
				B57A8732293925B90028AF2A /* Card.swift */,
				B5A899AA29274FCB00114DD4 /* Assets.xcassets */,
				B5A899AC29274FCB00114DD4 /* Preview Content */,
			);
			path = WeMatch;
			sourceTree = "<group>";
		};
		B5A899AC29274FCB00114DD4 /* Preview Content */ = {
			isa = PBXGroup;
			children = (
				B5A899AD29274FCB00114DD4 /* Preview Assets.xcassets */,
			);
			path = "Preview Content";
			sourceTree = "<group>";
		};
/* End PBXGroup section */

/* Begin PBXNativeTarget section */
		B5A899A229274FC600114DD4 /* WeMatch */ = {
			isa = PBXNativeTarget;
			buildConfigurationList = B5A899B129274FCB00114DD4 /* Build configuration list for PBXNativeTarget "WeMatch" */;
			buildPhases = (
				B5A8999F29274FC600114DD4 /* Sources */,
				B5A899A029274FC600114DD4 /* Frameworks */,
				B5A899A129274FC600114DD4 /* Resources */,
			);
			buildRules = (
			);
			dependencies = (
			);
			name = WeMatch;
			productName = WeMatch;
			productReference = B5A899A329274FC600114DD4 /* WeMatch.app */;
			productType = "com.apple.product-type.application";
		};
/* End PBXNativeTarget section */

/* Begin PBXProject section */
		B5A8999B29274FC600114DD4 /* Project object */ = {
			isa = PBXProject;
			attributes = {
				BuildIndependentTargetsInParallel = 1;
				LastSwiftUpdateCheck = 1400;
				LastUpgradeCheck = 1400;
				TargetAttributes = {
					B5A899A229274FC600114DD4 = {
						CreatedOnToolsVersion = 14.0.1;
					};
				};
			};
			buildConfigurationList = B5A8999E29274FC600114DD4 /* Build configuration list for PBXProject "WeMatch" */;
			compatibilityVersion = "Xcode 14.0";
			developmentRegion = en;
			hasScannedForEncodings = 0;
			knownRegions = (
				en,
				Base,
			);
			mainGroup = B5A8999A29274FC600114DD4;
			productRefGroup = B5A899A429274FC600114DD4 /* Products */;
			projectDirPath = "";
			projectRoot = "";
			targets = (
				B5A899A229274FC600114DD4 /* WeMatch */,
			);
		};
/* End PBXProject section */

/* Begin PBXResourcesBuildPhase section */
		B5A899A129274FC600114DD4 /* Resources */ = {
			isa = PBXResourcesBuildPhase;
			buildActionMask = 2147483647;
			files = (
				B5A899AE29274FCB00114DD4 /* Preview Assets.xcassets in Resources */,
				B5A899AB29274FCB00114DD4 /* Assets.xcassets in Resources */,
			);
			runOnlyForDeploymentPostprocessing = 0;
		};
/* End PBXResourcesBuildPhase section */

/* Begin PBXSourcesBuildPhase section */
		B5A8999F29274FC600114DD4 /* Sources */ = {
			isa = PBXSourcesBuildPhase;
			buildActionMask = 2147483647;
			files = (
				B5A899A929274FC600114DD4 /* ContentView.swift in Sources */,
				B57A873B293929150028AF2A /* CardsSection.swift in Sources */,
				B57A8733293925B90028AF2A /* Card.swift in Sources */,
				B5A899A729274FC600114DD4 /* WeMatchApp.swift in Sources */,
				B57A873D2939292A0028AF2A /* FooterSection.swift in Sources */,
				B57A87382939285D0028AF2A /* CardView.swift in Sources */,
				B57A873F2939294E0028AF2A /* NavigationSection.swift in Sources */,
			);
			runOnlyForDeploymentPostprocessing = 0;
		};
/* End PBXSourcesBuildPhase section */

/* Begin XCBuildConfiguration section */
		B5A899AF29274FCB00114DD4 /* Debug */ = {
			isa = XCBuildConfiguration;
			buildSettings = {
				ALWAYS_SEARCH_USER_PATHS = NO;
				CLANG_ANALYZER_NONNULL = YES;
				CLANG_ANALYZER_NUMBER_OBJECT_CONVERSION = YES_AGGRESSIVE;
				CLANG_CXX_LANGUAGE_STANDARD = "gnu++20";
				CLANG_ENABLE_MODULES = YES;
				CLANG_ENABLE_OBJC_ARC = YES;
				CLANG_ENABLE_OBJC_WEAK = YES;
				CLANG_WARN_BLOCK_CAPTURE_AUTORELEASING = YES;
				CLANG_WARN_BOOL_CONVERSION = YES;
				CLANG_WARN_COMMA = YES;
				CLANG_WARN_CONSTANT_CONVERSION = YES;
				CLANG_WARN_DEPRECATED_OBJC_IMPLEMENTATIONS = YES;
				CLANG_WARN_DIRECT_OBJC_ISA_USAGE = YES_ERROR;
				CLANG_WARN_DOCUMENTATION_COMMENTS = YES;
				CLANG_WARN_EMPTY_BODY = YES;
				CLANG_WARN_ENUM_CONVERSION = YES;
				CLANG_WARN_INFINITE_RECURSION = YES;
				CLANG_WARN_INT_CONVERSION = YES;
				CLANG_WARN_NON_LITERAL_NULL_CONVERSION = YES;
				CLANG_WARN_OBJC_IMPLICIT_RETAIN_SELF = YES;
				CLANG_WARN_OBJC_LITERAL_CONVERSION = YES;
				CLANG_WARN_OBJC_ROOT_CLASS = YES_ERROR;
				CLANG_WARN_QUOTED_INCLUDE_IN_FRAMEWORK_HEADER = YES;
				CLANG_WARN_RANGE_LOOP_ANALYSIS = YES;
				CLANG_WARN_STRICT_PROTOTYPES = YES;
				CLANG_WARN_SUSPICIOUS_MOVE = YES;
				CLANG_WARN_UNGUARDED_AVAILABILITY = YES_AGGRESSIVE;
				CLANG_WARN_UNREACHABLE_CODE = YES;
				CLANG_WARN__DUPLICATE_METHOD_MATCH = YES;
				COPY_PHASE_STRIP = NO;
				DEBUG_INFORMATION_FORMAT = dwarf;
				ENABLE_STRICT_OBJC_MSGSEND = YES;
				ENABLE_TESTABILITY = YES;
				GCC_C_LANGUAGE_STANDARD = gnu11;
				GCC_DYNAMIC_NO_PIC = NO;
				GCC_NO_COMMON_BLOCKS = YES;
				GCC_OPTIMIZATION_LEVEL = 0;
				GCC_PREPROCESSOR_DEFINITIONS = (
					"DEBUG=1",
					"$(inherited)",
				);
				GCC_WARN_64_TO_32_BIT_CONVERSION = YES;
				GCC_WARN_ABOUT_RETURN_TYPE = YES_ERROR;
				GCC_WARN_UNDECLARED_SELECTOR = YES;
				GCC_WARN_UNINITIALIZED_AUTOS = YES_AGGRESSIVE;
				GCC_WARN_UNUSED_FUNCTION = YES;
				GCC_WARN_UNUSED_VARIABLE = YES;
				IPHONEOS_DEPLOYMENT_TARGET = 16.0;
				MTL_ENABLE_DEBUG_INFO = INCLUDE_SOURCE;
				MTL_FAST_MATH = YES;
				ONLY_ACTIVE_ARCH = YES;
				SDKROOT = iphoneos;
				SWIFT_ACTIVE_COMPILATION_CONDITIONS = DEBUG;
				SWIFT_OPTIMIZATION_LEVEL = "-Onone";
			};
			name = Debug;
		};
		B5A899B029274FCB00114DD4 /* Release */ = {
			isa = XCBuildConfiguration;
			buildSettings = {
				ALWAYS_SEARCH_USER_PATHS = NO;
				CLANG_ANALYZER_NONNULL = YES;
				CLANG_ANALYZER_NUMBER_OBJECT_CONVERSION = YES_AGGRESSIVE;
				CLANG_CXX_LANGUAGE_STANDARD = "gnu++20";
				CLANG_ENABLE_MODULES = YES;
				CLANG_ENABLE_OBJC_ARC = YES;
				CLANG_ENABLE_OBJC_WEAK = YES;
				CLANG_WARN_BLOCK_CAPTURE_AUTORELEASING = YES;
				CLANG_WARN_BOOL_CONVERSION = YES;
				CLANG_WARN_COMMA = YES;
				CLANG_WARN_CONSTANT_CONVERSION = YES;
				CLANG_WARN_DEPRECATED_OBJC_IMPLEMENTATIONS = YES;
				CLANG_WARN_DIRECT_OBJC_ISA_USAGE = YES_ERROR;
				CLANG_WARN_DOCUMENTATION_COMMENTS = YES;
				CLANG_WARN_EMPTY_BODY = YES;
				CLANG_WARN_ENUM_CONVERSION = YES;
				CLANG_WARN_INFINITE_RECURSION = YES;
				CLANG_WARN_INT_CONVERSION = YES;
				CLANG_WARN_NON_LITERAL_NULL_CONVERSION = YES;
				CLANG_WARN_OBJC_IMPLICIT_RETAIN_SELF = YES;
				CLANG_WARN_OBJC_LITERAL_CONVERSION = YES;
				CLANG_WARN_OBJC_ROOT_CLASS = YES_ERROR;
				CLANG_WARN_QUOTED_INCLUDE_IN_FRAMEWORK_HEADER = YES;
				CLANG_WARN_RANGE_LOOP_ANALYSIS = YES;
				CLANG_WARN_STRICT_PROTOTYPES = YES;
				CLANG_WARN_SUSPICIOUS_MOVE = YES;
				CLANG_WARN_UNGUARDED_AVAILABILITY = YES_AGGRESSIVE;
				CLANG_WARN_UNREACHABLE_CODE = YES;
				CLANG_WARN__DUPLICATE_METHOD_MATCH = YES;
				COPY_PHASE_STRIP = NO;
				DEBUG_INFORMATION_FORMAT = "dwarf-with-dsym";
				ENABLE_NS_ASSERTIONS = NO;
				ENABLE_STRICT_OBJC_MSGSEND = YES;
				GCC_C_LANGUAGE_STANDARD = gnu11;
				GCC_NO_COMMON_BLOCKS = YES;
				GCC_WARN_64_TO_32_BIT_CONVERSION = YES;
				GCC_WARN_ABOUT_RETURN_TYPE = YES_ERROR;
				GCC_WARN_UNDECLARED_SELECTOR = YES;
				GCC_WARN_UNINITIALIZED_AUTOS = YES_AGGRESSIVE;
				GCC_WARN_UNUSED_FUNCTION = YES;
				GCC_WARN_UNUSED_VARIABLE = YES;
				IPHONEOS_DEPLOYMENT_TARGET = 16.0;
				MTL_ENABLE_DEBUG_INFO = NO;
				MTL_FAST_MATH = YES;
				SDKROOT = iphoneos;
				SWIFT_COMPILATION_MODE = wholemodule;
				SWIFT_OPTIMIZATION_LEVEL = "-O";
				VALIDATE_PRODUCT = YES;
			};
			name = Release;
		};
		B5A899B229274FCB00114DD4 /* Debug */ = {
			isa = XCBuildConfiguration;
			buildSettings = {
				ASSETCATALOG_COMPILER_APPICON_NAME = AppIcon;
				ASSETCATALOG_COMPILER_GLOBAL_ACCENT_COLOR_NAME = AccentColor;
				CODE_SIGN_STYLE = Automatic;
				CURRENT_PROJECT_VERSION = 1;
				DEVELOPMENT_ASSET_PATHS = "\"WeMatch/Preview Content\"";
				DEVELOPMENT_TEAM = 49RH8CS9RG;
				ENABLE_PREVIEWS = YES;
				GENERATE_INFOPLIST_FILE = YES;
				INFOPLIST_KEY_UIApplicationSceneManifest_Generation = YES;
				INFOPLIST_KEY_UIApplicationSupportsIndirectInputEvents = YES;
				INFOPLIST_KEY_UILaunchScreen_Generation = YES;
				INFOPLIST_KEY_UISupportedInterfaceOrientations_iPad = "UIInterfaceOrientationPortrait UIInterfaceOrientationPortraitUpsideDown UIInterfaceOrientationLandscapeLeft UIInterfaceOrientationLandscapeRight";
				INFOPLIST_KEY_UISupportedInterfaceOrientations_iPhone = "UIInterfaceOrientationPortrait UIInterfaceOrientationLandscapeLeft UIInterfaceOrientationLandscapeRight";
				LD_RUNPATH_SEARCH_PATHS = (
					"$(inherited)",
					"@executable_path/Frameworks",
				);
				MARKETING_VERSION = 1.0;
				PRODUCT_BUNDLE_IDENTIFIER = GVM.WeMatch;
				PRODUCT_NAME = "$(TARGET_NAME)";
				SWIFT_EMIT_LOC_STRINGS = YES;
				SWIFT_VERSION = 5.0;
				TARGETED_DEVICE_FAMILY = "1,2";
			};
			name = Debug;
		};
		B5A899B329274FCB00114DD4 /* Release */ = {
			isa = XCBuildConfiguration;
			buildSettings = {
				ASSETCATALOG_COMPILER_APPICON_NAME = AppIcon;
				ASSETCATALOG_COMPILER_GLOBAL_ACCENT_COLOR_NAME = AccentColor;
				CODE_SIGN_STYLE = Automatic;
				CURRENT_PROJECT_VERSION = 1;
				DEVELOPMENT_ASSET_PATHS = "\"WeMatch/Preview Content\"";
				DEVELOPMENT_TEAM = 49RH8CS9RG;
				ENABLE_PREVIEWS = YES;
				GENERATE_INFOPLIST_FILE = YES;
				INFOPLIST_KEY_UIApplicationSceneManifest_Generation = YES;
				INFOPLIST_KEY_UIApplicationSupportsIndirectInputEvents = YES;
				INFOPLIST_KEY_UILaunchScreen_Generation = YES;
				INFOPLIST_KEY_UISupportedInterfaceOrientations_iPad = "UIInterfaceOrientationPortrait UIInterfaceOrientationPortraitUpsideDown UIInterfaceOrientationLandscapeLeft UIInterfaceOrientationLandscapeRight";
				INFOPLIST_KEY_UISupportedInterfaceOrientations_iPhone = "UIInterfaceOrientationPortrait UIInterfaceOrientationLandscapeLeft UIInterfaceOrientationLandscapeRight";
				LD_RUNPATH_SEARCH_PATHS = (
					"$(inherited)",
					"@executable_path/Frameworks",
				);
				MARKETING_VERSION = 1.0;
				PRODUCT_BUNDLE_IDENTIFIER = GVM.WeMatch;
				PRODUCT_NAME = "$(TARGET_NAME)";
				SWIFT_EMIT_LOC_STRINGS = YES;
				SWIFT_VERSION = 5.0;
				TARGETED_DEVICE_FAMILY = "1,2";
			};
			name = Release;
		};
/* End XCBuildConfiguration section */

/* Begin XCConfigurationList section */
		B5A8999E29274FC600114DD4 /* Build configuration list for PBXProject "WeMatch" */ = {
			isa = XCConfigurationList;
			buildConfigurations = (
				B5A899AF29274FCB00114DD4 /* Debug */,
				B5A899B029274FCB00114DD4 /* Release */,
			);
			defaultConfigurationIsVisible = 0;
			defaultConfigurationName = Release;
		};
		B5A899B129274FCB00114DD4 /* Build configuration list for PBXNativeTarget "WeMatch" */ = {
			isa = XCConfigurationList;
			buildConfigurations = (
				B5A899B229274FCB00114DD4 /* Debug */,
				B5A899B329274FCB00114DD4 /* Release */,
			);
			defaultConfigurationIsVisible = 0;
			defaultConfigurationName = Release;
		};
/* End XCConfigurationList section */
	};
	rootObject = B5A8999B29274FC600114DD4 /* Project object */;
}
